
Microsoft Visual Studio Solution File, Format Version 12.00
# Visual Studio 2013
VisualStudioVersion = 12.0.21005.1
MinimumVisualStudioVersion = 10.0.40219.1
Project("{8BC9CEB8-8B4A-11D0-8D11-00A0C91BC942}") = "Abstract Superclass", "Abstract Superclass\Abstract Superclass.vcxproj", "{786B477B-18ED-4DD8-A8E9-15B63005DED3}"
EndProject
Project("{8BC9CEB8-8B4A-11D0-8D11-00A0C91BC942}") = "AccessMethod", "AccessMethod\AccessMethod.vcxproj", "{D757E824-1E86-4FBF-9C3D-C9D4D14881A3}"
EndProject
Project("{8BC9CEB8-8B4A-11D0-8D11-00A0C91BC942}") = "Delegate", "Delegate\Delegate.vcxproj", "{A2781350-AFBC-4B01-A2D2-086EE38FBD69}"
EndProject
Project("{8BC9CEB8-8B4A-11D0-8D11-00A0C91BC942}") = "ConstantDataManager", "ConstantDataManager\ConstantDataManager.vcxproj", "{AEB7DAAD-9EC0-4D1B-AF55-72CC86327100}"
EndProject
Project("{8BC9CEB8-8B4A-11D0-8D11-00A0C91BC942}") = "Immutable", "Immutable\Immutable.vcxproj", "{AE62BD91-F03D-40FA-8344-04DBC82815D7}"
EndProject
Project("{8BC9CEB8-8B4A-11D0-8D11-00A0C91BC942}") = "Singletone", "Singletone\Singletone.vcxproj", "{CE61915D-EB8A-4E95-955B-E3C386B037FB}"
EndProject
Project("{8BC9CEB8-8B4A-11D0-8D11-00A0C91BC942}") = "FactoryMethod", "FactoryMetod\FactoryMetod.vcxproj", "{F3E3992E-31C1-4A47-A958-6A69C4E49AB4}"
EndProject
Global
	GlobalSection(SolutionConfigurationPlatforms) = preSolution
		Debug|Win32 = Debug|Win32
		Release|Win32 = Release|Win32
	EndGlobalSection
	GlobalSection(ProjectConfigurationPlatforms) = postSolution
		{786B477B-18ED-4DD8-A8E9-15B63005DED3}.Debug|Win32.ActiveCfg = Debug|Win32
		{786B477B-18ED-4DD8-A8E9-15B63005DED3}.Debug|Win32.Build.0 = Debug|Win32
		{786B477B-18ED-4DD8-A8E9-15B63005DED3}.Release|Win32.ActiveCfg = Release|Win32
		{786B477B-18ED-4DD8-A8E9-15B63005DED3}.Release|Win32.Build.0 = Release|Win32
		{D757E824-1E86-4FBF-9C3D-C9D4D14881A3}.Debug|Win32.ActiveCfg = Debug|Win32
		{D757E824-1E86-4FBF-9C3D-C9D4D14881A3}.Debug|Win32.Build.0 = Debug|Win32
		{D757E824-1E86-4FBF-9C3D-C9D4D14881A3}.Release|Win32.ActiveCfg = Release|Win32
		{D757E824-1E86-4FBF-9C3D-C9D4D14881A3}.Release|Win32.Build.0 = Release|Win32
		{A2781350-AFBC-4B01-A2D2-086EE38FBD69}.Debug|Win32.ActiveCfg = Debug|Win32
		{A2781350-AFBC-4B01-A2D2-086EE38FBD69}.Debug|Win32.Build.0 = Debug|Win32
		{A2781350-AFBC-4B01-A2D2-086EE38FBD69}.Release|Win32.ActiveCfg = Release|Win32
		{A2781350-AFBC-4B01-A2D2-086EE38FBD69}.Release|Win32.Build.0 = Release|Win32
		{AEB7DAAD-9EC0-4D1B-AF55-72CC86327100}.Debug|Win32.ActiveCfg = Debug|Win32
		{AEB7DAAD-9EC0-4D1B-AF55-72CC86327100}.Debug|Win32.Build.0 = Debug|Win32
		{AEB7DAAD-9EC0-4D1B-AF55-72CC86327100}.Release|Win32.ActiveCfg = Release|Win32
		{AEB7DAAD-9EC0-4D1B-AF55-72CC86327100}.Release|Win32.Build.0 = Release|Win32
		{AE62BD91-F03D-40FA-8344-04DBC82815D7}.Debug|Win32.ActiveCfg = Debug|Win32
		{AE62BD91-F03D-40FA-8344-04DBC82815D7}.Debug|Win32.Build.0 = Debug|Win32
		{AE62BD91-F03D-40FA-8344-04DBC82815D7}.Release|Win32.ActiveCfg = Release|Win32
		{AE62BD91-F03D-40FA-8344-04DBC82815D7}.Release|Win32.Build.0 = Release|Win32
		{CE61915D-EB8A-4E95-955B-E3C386B037FB}.Debug|Win32.ActiveCfg = Debug|Win32
		{CE61915D-EB8A-4E95-955B-E3C386B037FB}.Debug|Win32.Build.0 = Debug|Win32
		{CE61915D-EB8A-4E95-955B-E3C386B037FB}.Release|Win32.ActiveCfg = Release|Win32
		{CE61915D-EB8A-4E95-955B-E3C386B037FB}.Release|Win32.Build.0 = Release|Win32
		{F3E3992E-31C1-4A47-A958-6A69C4E49AB4}.Debug|Win32.ActiveCfg = Debug|Win32
		{F3E3992E-31C1-4A47-A958-6A69C4E49AB4}.Debug|Win32.Build.0 = Debug|Win32
		{F3E3992E-31C1-4A47-A958-6A69C4E49AB4}.Release|Win32.ActiveCfg = Release|Win32
		{F3E3992E-31C1-4A47-A958-6A69C4E49AB4}.Release|Win32.Build.0 = Release|Win32
	EndGlobalSection
	GlobalSection(SolutionProperties) = preSolution
		HideSolutionNode = FALSE
	EndGlobalSection
EndGlobal
